
Microsoft Visual Studio Solution File, Format Version 12.00
# Visual Studio 15
VisualStudioVersion = 15.0.28307.757
MinimumVisualStudioVersion = 10.0.40219.1
Project("{FAE04EC0-301F-11D3-BF4B-00C04F79EFBC}") = "DataAccess", "DataAccess\DataAccess.csproj", "{7D8383B5-45C1-434E-814F-BADF40C5A101}"
EndProject
Project("{FAE04EC0-301F-11D3-BF4B-00C04F79EFBC}") = "TestCases", "TestDataAccess\TestCases.csproj", "{ECBBF103-1CE8-48C7-B110-1D589E77D567}"
EndProject
Project("{FAE04EC0-301F-11D3-BF4B-00C04F79EFBC}") = "Seguridad", "Seguridad\Seguridad.csproj", "{0849F0F1-BCBB-4BF3-86E7-19144203B71C}"
EndProject
Project("{FAE04EC0-301F-11D3-BF4B-00C04F79EFBC}") = "ApiLogistica", "ApiLogistica\ApiLogistica.csproj", "{FB5087D7-7D00-423C-A994-1C9165182AE3}"
EndProject
Project("{FAE04EC0-301F-11D3-BF4B-00C04F79EFBC}") = "Utiles", "Utiles\Utiles.csproj", "{2D7B1C66-2B87-4794-97FC-37DE43CFB6DF}"
EndProject
Project("{FAE04EC0-301F-11D3-BF4B-00C04F79EFBC}") = "WebLogistica", "WebLogistica\WebLogistica.csproj", "{C3432BC5-71ED-49AE-AB07-06CCD6B4F36A}"
EndProject
Project("{FAE04EC0-301F-11D3-BF4B-00C04F79EFBC}") = "SyncroData", "SyncroData\SyncroData.csproj", "{C265F0A3-2682-4E19-BAD5-62A480EFB683}"
EndProject
Global
	GlobalSection(SolutionConfigurationPlatforms) = preSolution
		Debug|Any CPU = Debug|Any CPU
		Debug|x86 = Debug|x86
		Release|Any CPU = Release|Any CPU
		Release|x86 = Release|x86
	EndGlobalSection
	GlobalSection(ProjectConfigurationPlatforms) = postSolution
		{7D8383B5-45C1-434E-814F-BADF40C5A101}.Debug|Any CPU.ActiveCfg = Debug|Any CPU
		{7D8383B5-45C1-434E-814F-BADF40C5A101}.Debug|Any CPU.Build.0 = Debug|Any CPU
		{7D8383B5-45C1-434E-814F-BADF40C5A101}.Debug|x86.ActiveCfg = Debug|Any CPU
		{7D8383B5-45C1-434E-814F-BADF40C5A101}.Debug|x86.Build.0 = Debug|Any CPU
		{7D8383B5-45C1-434E-814F-BADF40C5A101}.Release|Any CPU.ActiveCfg = Release|Any CPU
		{7D8383B5-45C1-434E-814F-BADF40C5A101}.Release|Any CPU.Build.0 = Release|Any CPU
		{7D8383B5-45C1-434E-814F-BADF40C5A101}.Release|x86.ActiveCfg = Release|Any CPU
		{7D8383B5-45C1-434E-814F-BADF40C5A101}.Release|x86.Build.0 = Release|Any CPU
		{ECBBF103-1CE8-48C7-B110-1D589E77D567}.Debug|Any CPU.ActiveCfg = Debug|Any CPU
		{ECBBF103-1CE8-48C7-B110-1D589E77D567}.Debug|Any CPU.Build.0 = Debug|Any CPU
		{ECBBF103-1CE8-48C7-B110-1D589E77D567}.Debug|x86.ActiveCfg = Debug|Any CPU
		{ECBBF103-1CE8-48C7-B110-1D589E77D567}.Debug|x86.Build.0 = Debug|Any CPU
		{ECBBF103-1CE8-48C7-B110-1D589E77D567}.Release|Any CPU.ActiveCfg = Release|Any CPU
		{ECBBF103-1CE8-48C7-B110-1D589E77D567}.Release|Any CPU.Build.0 = Release|Any CPU
		{ECBBF103-1CE8-48C7-B110-1D589E77D567}.Release|x86.ActiveCfg = Release|Any CPU
		{ECBBF103-1CE8-48C7-B110-1D589E77D567}.Release|x86.Build.0 = Release|Any CPU
		{0849F0F1-BCBB-4BF3-86E7-19144203B71C}.Debug|Any CPU.ActiveCfg = Debug|Any CPU
		{0849F0F1-BCBB-4BF3-86E7-19144203B71C}.Debug|Any CPU.Build.0 = Debug|Any CPU
		{0849F0F1-BCBB-4BF3-86E7-19144203B71C}.Debug|x86.ActiveCfg = Debug|Any CPU
		{0849F0F1-BCBB-4BF3-86E7-19144203B71C}.Debug|x86.Build.0 = Debug|Any CPU
		{0849F0F1-BCBB-4BF3-86E7-19144203B71C}.Release|Any CPU.ActiveCfg = Release|Any CPU
		{0849F0F1-BCBB-4BF3-86E7-19144203B71C}.Release|Any CPU.Build.0 = Release|Any CPU
		{0849F0F1-BCBB-4BF3-86E7-19144203B71C}.Release|x86.ActiveCfg = Release|Any CPU
		{0849F0F1-BCBB-4BF3-86E7-19144203B71C}.Release|x86.Build.0 = Release|Any CPU
		{FB5087D7-7D00-423C-A994-1C9165182AE3}.Debug|Any CPU.ActiveCfg = Debug|Any CPU
		{FB5087D7-7D00-423C-A994-1C9165182AE3}.Debug|Any CPU.Build.0 = Debug|Any CPU
		{FB5087D7-7D00-423C-A994-1C9165182AE3}.Debug|x86.ActiveCfg = Debug|Any CPU
		{FB5087D7-7D00-423C-A994-1C9165182AE3}.Debug|x86.Build.0 = Debug|Any CPU
		{FB5087D7-7D00-423C-A994-1C9165182AE3}.Release|Any CPU.ActiveCfg = Release|Any CPU
		{FB5087D7-7D00-423C-A994-1C9165182AE3}.Release|Any CPU.Build.0 = Release|Any CPU
		{FB5087D7-7D00-423C-A994-1C9165182AE3}.Release|x86.ActiveCfg = Release|Any CPU
		{FB5087D7-7D00-423C-A994-1C9165182AE3}.Release|x86.Build.0 = Release|Any CPU
		{2D7B1C66-2B87-4794-97FC-37DE43CFB6DF}.Debug|Any CPU.ActiveCfg = Debug|Any CPU
		{2D7B1C66-2B87-4794-97FC-37DE43CFB6DF}.Debug|Any CPU.Build.0 = Debug|Any CPU
		{2D7B1C66-2B87-4794-97FC-37DE43CFB6DF}.Debug|x86.ActiveCfg = Debug|Any CPU
		{2D7B1C66-2B87-4794-97FC-37DE43CFB6DF}.Debug|x86.Build.0 = Debug|Any CPU
		{2D7B1C66-2B87-4794-97FC-37DE43CFB6DF}.Release|Any CPU.ActiveCfg = Release|Any CPU
		{2D7B1C66-2B87-4794-97FC-37DE43CFB6DF}.Release|Any CPU.Build.0 = Release|Any CPU
		{2D7B1C66-2B87-4794-97FC-37DE43CFB6DF}.Release|x86.ActiveCfg = Release|Any CPU
		{2D7B1C66-2B87-4794-97FC-37DE43CFB6DF}.Release|x86.Build.0 = Release|Any CPU
		{C3432BC5-71ED-49AE-AB07-06CCD6B4F36A}.Debug|Any CPU.ActiveCfg = Debug|Any CPU
		{C3432BC5-71ED-49AE-AB07-06CCD6B4F36A}.Debug|Any CPU.Build.0 = Debug|Any CPU
		{C3432BC5-71ED-49AE-AB07-06CCD6B4F36A}.Debug|x86.ActiveCfg = Debug|Any CPU
		{C3432BC5-71ED-49AE-AB07-06CCD6B4F36A}.Debug|x86.Build.0 = Debug|Any CPU
		{C3432BC5-71ED-49AE-AB07-06CCD6B4F36A}.Release|Any CPU.ActiveCfg = Release|Any CPU
		{C3432BC5-71ED-49AE-AB07-06CCD6B4F36A}.Release|Any CPU.Build.0 = Release|Any CPU
		{C3432BC5-71ED-49AE-AB07-06CCD6B4F36A}.Release|x86.ActiveCfg = Release|Any CPU
		{C3432BC5-71ED-49AE-AB07-06CCD6B4F36A}.Release|x86.Build.0 = Release|Any CPU
		{C265F0A3-2682-4E19-BAD5-62A480EFB683}.Debug|Any CPU.ActiveCfg = Debug|x86
		{C265F0A3-2682-4E19-BAD5-62A480EFB683}.Debug|Any CPU.Build.0 = Debug|x86
		{C265F0A3-2682-4E19-BAD5-62A480EFB683}.Debug|x86.ActiveCfg = Debug|x86
		{C265F0A3-2682-4E19-BAD5-62A480EFB683}.Debug|x86.Build.0 = Debug|x86
		{C265F0A3-2682-4E19-BAD5-62A480EFB683}.Release|Any CPU.ActiveCfg = Release|Any CPU
		{C265F0A3-2682-4E19-BAD5-62A480EFB683}.Release|Any CPU.Build.0 = Release|Any CPU
		{C265F0A3-2682-4E19-BAD5-62A480EFB683}.Release|x86.ActiveCfg = Release|x86
		{C265F0A3-2682-4E19-BAD5-62A480EFB683}.Release|x86.Build.0 = Release|x86
	EndGlobalSection
	GlobalSection(SolutionProperties) = preSolution
		HideSolutionNode = FALSE
	EndGlobalSection
	GlobalSection(ExtensibilityGlobals) = postSolution
		SolutionGuid = {3E87CBD4-1AB2-45C3-BCB8-17765ECE1393}
	EndGlobalSection
EndGlobal
